{
    "version": 3,
    "terraform_version": "0.11.11",
    "serial": 7,
    "lineage": "7cb7bca8-a680-dace-0973-60589dce0f8d",
    "modules": [
        {
            "path": [
                "root"
            ],
            "outputs": {},
            "resources": {
                "google_container_cluster.gke-cluster": {
                    "type": "google_container_cluster",
                    "depends_on": [],
                    "primary": {
                        "id": "gke-cluster-1",
                        "attributes": {
                            "additional_zones.#": "0",
                            "addons_config.#": "1",
                            "addons_config.0.horizontal_pod_autoscaling.#": "0",
                            "addons_config.0.http_load_balancing.#": "0",
                            "addons_config.0.kubernetes_dashboard.#": "1",
                            "addons_config.0.kubernetes_dashboard.0.disabled": "true",
                            "addons_config.0.network_policy_config.#": "1",
                            "addons_config.0.network_policy_config.0.disabled": "true",
                            "cluster_autoscaling.#": "0",
                            "cluster_ipv4_cidr": "10.12.0.0/14",
                            "description": "",
                            "enable_binary_authorization": "false",
                            "enable_kubernetes_alpha": "false",
                            "enable_legacy_abac": "false",
                            "enable_tpu": "false",
                            "endpoint": "35.233.9.150",
                            "id": "gke-cluster-1",
                            "initial_node_count": "3",
                            "instance_group_urls.#": "1",
                            "instance_group_urls.0": "https://www.googleapis.com/compute/v1/projects/clarapcp-ea-ilyas-husein/zones/europe-west1-b/instanceGroups/gke-gke-cluster-1-default-pool-3543c7d4-grp",
                            "ip_allocation_policy.#": "0",
                            "logging_service": "logging.googleapis.com",
                            "maintenance_policy.#": "0",
                            "master_auth.#": "1",
                            "master_auth.0.client_certificate": "LS0tLS1CRUdJTiBDRVJUSUZJQ0FURS0tLS0tCk1JSUMyakNDQWNLZ0F3SUJBZ0lRSlpwbUVtT3R6bytZcTA5My93cTNXekFOQmdrcWhraUc5dzBCQVFzRkFEQXYKTVMwd0t3WURWUVFERXlSbE9EQTRaR0ZoWlMwMFltWmlMVFF6TURjdFlXTmxNaTAxTlRabVlqTTROV0kyTldZdwpIaGNOTVRrd01USTFNVGt4TVRVeldoY05NalF3TVRJME1Ua3hNVFV6V2pBUk1ROHdEUVlEVlFRREV3WmpiR2xsCmJuUXdnZ0VpTUEwR0NTcUdTSWIzRFFFQkFRVUFBNElCRHdBd2dnRUtBb0lCQVFDdHAxbUdZc09XQlVCSU5RSU4KV0Jlc2tvMHBraVNtQ2kxUEE3K3NnSGRtVllMckRDYWh0Qm1CMklSOFR3Mi9udnpjTE53Qm5GZVBPS2RDbm5TVwoySTFaTWhGMGFKTC9tczV3Yy95c1N5TmNIekNGOEpwR0NLbFRvZEFNT0xmbG1BWmdTVjVNNGRQUGlTRXBBV2MzCm9nd0o2b1hQbno4ZE1Sb0V0TTIzV25aWi9pYWowdjNyNU5JeFQvK2x5cUVPSWNjQTZ2VUlxb2c3WE0vUjNDTGgKTjFIamlBZVFFSHArSkMzeHVQaFJydVlmZnZwbC9aUUppQklkR3Y5OHJRL3RkN3h2L0IrWnNiNUJDNHpQSHp5UQpjV1lvc0tRYXhtaWl3Sk5ZZGJEbVhkSWcrK2lla1d1MHN3VVcvSTREeDhBcmo4YjZxMm1YMXcwZWNSRnNiV0EzCjFaL1RBZ01CQUFHakVEQU9NQXdHQTFVZEV3RUIvd1FDTUFBd0RRWUpLb1pJaHZjTkFRRUxCUUFEZ2dFQkFLUHgKOWNCSm15R3VHVStLTTZIKytkaE44VC95eW9FcXRzNE9HNVYzQWQyRFR2d29BT0I5UFIxUFpYaHYxbjUvRHZCKwpMQms0MlF3WHY1M0gvVSsrN1hUNUFmaWJiblJrbGJYT3pSdHc5TnZWc21ZaExkUU5SRHk3WVQ3Sm00UTNqSHZvCmJid0ZqRmt5ZG5yenNYNldoQTJNeVc2b1hKRm1xL1NoYXdBd2U3MFNhd2JEWTFIajB6MUY4S3NFSm42TG9FN2oKanRRZ3ZLQkhBN2N5NTZVQi9GaG0rNkVMZ0lQZWFQcGlMcEw5clR5YVZQWmU1ZGJCUENKeEt3MWpOTWJid2FPWApscUFsc25DMElLUE1QaFZMZHFGY2lyaUZFZVEwVlQwc3JIK0cxVjNYNzFHSEpDZFZmVUhkbE1VODVZY2JIMjdhCi9nYUlTa3dITFhPUHdrRXVwUU09Ci0tLS0tRU5EIENFUlRJRklDQVRFLS0tLS0K",
                            "master_auth.0.client_certificate_config.#": "0",
                            "master_auth.0.client_key": "LS0tLS1CRUdJTiBSU0EgUFJJVkFURSBLRVktLS0tLQpNSUlFb2dJQkFBS0NBUUVBcmFkWmhtTERsZ1ZBU0RVQ0RWZ1hySktOS1pJa3Bnb3RUd08vcklCM1psV0M2d3dtCm9iUVpnZGlFZkU4TnY1NzgzQ3pjQVp4WGp6aW5RcDUwbHRpTldUSVJkR2lTLzVyT2NIUDhyRXNqWEI4d2hmQ2EKUmdpcFU2SFFERGkzNVpnR1lFbGVUT0hUejRraEtRRm5ONklNQ2VxRno1OC9IVEVhQkxUTnQxcDJXZjRtbzlMOQo2K1RTTVUvL3BjcWhEaUhIQU9yMUNLcUlPMXpQMGR3aTRUZFI0NGdIa0JCNmZpUXQ4Ymo0VWE3bUgzNzZaZjJVCkNZZ1NIUnIvZkswUDdYZThiL3dmbWJHK1FRdU16eDg4a0hGbUtMQ2tHc1pvb3NDVFdIV3c1bDNTSVB2b25wRnIKdExNRkZ2eU9BOGZBSzQvRytxdHBsOWNOSG5FUmJHMWdOOVdmMHdJREFRQUJBb0lCQUVya2dHTkphQkhrN043WApZYTJ3bnZFeCtVaUMrMlJTd2t5d0VMUE1hZkpNRWR6ZVRqRHlOQWdBZ2M3ODV6Q0wySUQ2cGQzWitCZFFOeTZ2Cm1SZlBpRkorR2ZJTEFjN1VESkdLTEdDQVBWMUhKRTIzd1VsUUJmc0lMK3A5Y2E1RzNRVWN6MXM0RC9vVEthWisKTU81WTZIbEVXSFo5TnlLWFlTSERlbTlIeUFBeU9yRHYzVGp5K3BIeWpTUVVMREZvczlwZmxIeE8rVUpQRURxZQpuN2IzN0N5SWZuR1dtQU54eUk2RWJqZGhaR3UxMlVHbnlnRUlNY2VEdmRpUW0xc3VvaDNMUTA5TnFScFhSRFM5ClVJZ084T21vMlZvREFkSWJUa1gvY25oZzhvT1I2a1N4dDdGb1VQNktubmhSSitOc2VGWThWU21qRWhZWkdkS3YKdThsby9LRUNnWUVBMmIwb1V4MmpmMGtxakk3UW1iSXNLK3c2WDg1VmNlU2w1YlNxMStUNU1SRDJtNFV2ZFY4VApDWkVTR0RhVkRacm8zckRtOWkwNVFJSWwyN3JQL1hEWEtXUUFFcWk3NFFNbER5cE9LaXhPMksrT1RLTDBJVEg3Ckh6Q2tBZGJ3RmRFTDUrQjE1TE5CS2VWaTJlc21FQ1lrUHRoK1dyWmp2L1ZlQkpDN3RMWUxRdk1DZ1lFQXpDc00KZkEyNDdPQ0UyV3I5Uk0vdlBITVJRd1V5dHRZRlhsVENxZjdiNTdHcm9TbXRrSWZyclRRVGxEaVRzeTdNTjRJNwpNRVgrNWgwWTRHTGw4YzR6cjFNSkg3TEV6QkxjZTJnWGd6U2FQcjNnYlZWbzA1THhmdlZKVW14K1BsV0tRNFE4CmJkUnFrelpRVHIyNDdCYWt6c21oWFNMUWx1MFR3ZVc2bjVLY3A2RUNnWUFybVgvd25MZTNiaXd4OXdyNEs4QkMKajB2bEVVajB4R2NmeHZ5S3ZKUFZhbU1uSXhVc3VIdjBaM01ySEFyZXJZMUJ3a1NOT09NRThzcW41QkZ2MjErSwpMemNBaFg4UmdISzBSYkZmS240alQ0djc5b2xSK0ZNam5MYktrNEtCcTlscGRmM0ZiTXQ0bXpFZkY4SUlhOHJJCk5zdWVXSFZDNDl3T3AvaWVKL0c3VndLQmdHUmRzVGgyb25iSDlHYlJJb29tVWV2OGdQcmFYbERsS3lSeE5IVFAKRlpsempQU2dBWE93YlpucXBNbFRlc0ExL0N3NWVCRkdCNFZsdm1ub0ZEUG5jeDc0Q2Q4c1NYUXN2WGhvOWs0SQptTjdKQnIrWW9meUlHdkdYY1NEMHRxYTc5RWsyZzJKV2JzSEpqSGI0NnlRY0NZNmlMaElUNEVpaGFQb0RqZGVPCkFqYWhBb0dBTmVubWEyQW5UcHh3T2ZMYmVXZTNycnExNUloNThQZytmVjZ4ejRRaFhQd2JydGt4bXpEME9VbWkKK0hBczJXNWFaRG1Nd1lmc0FVU0ZiUW5vSE91dmwvL2JJdS96L0J0MVF6Y0UyaUhRVWViNjF6ZkQyOFdiVllaYgpOY1o5ZURWM0lRaW5FekxBYnFnZ2wybW9LcGxpVnZlMzd5N3ZtZ0trelB6WW9nRG5xWk09Ci0tLS0tRU5EIFJTQSBQUklWQVRFIEtFWS0tLS0tCg==",
                            "master_auth.0.cluster_ca_certificate": "LS0tLS1CRUdJTiBDRVJUSUZJQ0FURS0tLS0tCk1JSURDekNDQWZPZ0F3SUJBZ0lRQXlwUDJ2cVF5dkYxc0l1dktTTXdzakFOQmdrcWhraUc5dzBCQVFzRkFEQXYKTVMwd0t3WURWUVFERXlSbE9EQTRaR0ZoWlMwMFltWmlMVFF6TURjdFlXTmxNaTAxTlRabVlqTTROV0kyTldZdwpIaGNOTVRrd01USTFNVGd4TVRVeVdoY05NalF3TVRJME1Ua3hNVFV5V2pBdk1TMHdLd1lEVlFRREV5UmxPREE0ClpHRmhaUzAwWW1aaUxUUXpNRGN0WVdObE1pMDFOVFptWWpNNE5XSTJOV1l3Z2dFaU1BMEdDU3FHU0liM0RRRUIKQVFVQUE0SUJEd0F3Z2dFS0FvSUJBUUNsZjN5SWJoVXZ3MnJkUGpLNklpNVZ4ZU9UMFRXazNWdGhQa2IyWlB2QQo3N1Z6ZWtUT2RqRnFSVlZSM0hlWnEyVFdjZDNScGIyUElObWpwcWhZaDNRdksyNnBoTTBDc1pvcGEyUFhFNmhLCmVCS3hhdnFFc2tjSHY5TC9Nd3FYZlJxMDd2RDBraG5XT1dBNENMUG5nRVJGNG9WT01idWkrVUhGKzJEOW84QWYKc0oxOEZpUWYxYjlKUDlJNGVxYmgyL2lZaldPODY0Unc2TG02bDJnR09HaDNMWWN3bG50NTZHK3owSk5ZRTRkegprbkgwcUhHYWY5ZTg3VGUxM3pUUCtXTWpSWWRXNFJkMTF3VzNNY1htUlNTblZkNlN3NDFZRnFINXhUM1VDSXdkCjRxem4yRFAyaVhjTnBYc0dCdjZOcHdjbGpLb1N5dFdpZ2VVdDdBZGtPcm41QWdNQkFBR2pJekFoTUE0R0ExVWQKRHdFQi93UUVBd0lDQkRBUEJnTlZIUk1CQWY4RUJUQURBUUgvTUEwR0NTcUdTSWIzRFFFQkN3VUFBNElCQVFDUQpQVUkyUGxVMjA3ckUwVlgwSk1ibmRVZUpKeU9vMGZNWjdRZUN3M2dLcGNXN0c3cW80Y2tyLzVycFVqOERkelNlClRQbGZVU2xLMHJXUVI2cTBZcHY4ejJNNVIwcDdTemhROXR0M2pabVlHTFR3TmZINFplRkNIQTdFeU5XbXRVRHQKZTBvK1BGYnc3cmlPWXdoZnZhelc1VG9oR3NFd05qdENzSVBlKzBvUittR25nOENKazFxYkNtSllTNTBUcTVTbwprZ1A4NXgrODlnM3dNMkZ4NWdsNDVlVy8yQ2gzNDhXQTRQdTlYR04vSlBrY1dmNGZFdkEzNlM1SHE5R1Nid2RXCnRhYXVac3hTY2NaeVlXRUMzT3o1V1N2V2lnRWlzYVFlbXJuaENTektQYUVwN0F5RUtSUkh1VndvZUNTNk9VYWEKOWU1L0xCc2Vsc2RkN0d3OE1aK24KLS0tLS1FTkQgQ0VSVElGSUNBVEUtLS0tLQo=",
                            "master_auth.0.password": "TcoETPiQdqIdgTAN",
                            "master_auth.0.username": "admin",
                            "master_authorized_networks_config.#": "0",
                            "master_ipv4_cidr_block": "",
                            "master_version": "1.10.11-gke.1",
                            "monitoring_service": "monitoring.googleapis.com",
                            "name": "gke-cluster-1",
                            "network": "projects/clarapcp-ea-ilyas-husein/global/networks/claranet-test",
                            "network_policy.#": "1",
                            "network_policy.0.enabled": "false",
                            "network_policy.0.provider": "PROVIDER_UNSPECIFIED",
                            "node_config.#": "1",
                            "node_config.0.disk_size_gb": "100",
                            "node_config.0.disk_type": "pd-standard",
                            "node_config.0.guest_accelerator.#": "0",
                            "node_config.0.image_type": "COS",
                            "node_config.0.labels.%": "1",
                            "node_config.0.labels.this-is-for": "dev-cluster",
                            "node_config.0.local_ssd_count": "0",
                            "node_config.0.machine_type": "n1-standard-1",
                            "node_config.0.metadata.%": "0",
                            "node_config.0.min_cpu_platform": "",
                            "node_config.0.oauth_scopes.#": "4",
                            "node_config.0.oauth_scopes.1277378754": "https://www.googleapis.com/auth/monitoring",
                            "node_config.0.oauth_scopes.1632638332": "https://www.googleapis.com/auth/devstorage.read_only",
                            "node_config.0.oauth_scopes.172152165": "https://www.googleapis.com/auth/logging.write",
                            "node_config.0.oauth_scopes.299962681": "https://www.googleapis.com/auth/compute",
                            "node_config.0.preemptible": "false",
                            "node_config.0.service_account": "default",
                            "node_config.0.tags.#": "3",
                            "node_config.0.tags.0": "jenkins",
                            "node_config.0.tags.1": "ssh",
                            "node_config.0.tags.2": "http-server",
                            "node_config.0.taint.#": "0",
                            "node_config.0.workload_metadata_config.#": "0",
                            "node_pool.#": "1",
                            "node_pool.0.autoscaling.#": "0",
                            "node_pool.0.initial_node_count": "3",
                            "node_pool.0.instance_group_urls.#": "1",
                            "node_pool.0.instance_group_urls.0": "https://www.googleapis.com/compute/v1/projects/clarapcp-ea-ilyas-husein/zones/europe-west1-b/instanceGroupManagers/gke-gke-cluster-1-default-pool-3543c7d4-grp",
                            "node_pool.0.management.#": "1",
                            "node_pool.0.management.0.auto_repair": "false",
                            "node_pool.0.management.0.auto_upgrade": "false",
                            "node_pool.0.max_pods_per_node": "0",
                            "node_pool.0.name": "default-pool",
                            "node_pool.0.name_prefix": "",
                            "node_pool.0.node_config.#": "1",
                            "node_pool.0.node_config.0.disk_size_gb": "100",
                            "node_pool.0.node_config.0.disk_type": "pd-standard",
                            "node_pool.0.node_config.0.guest_accelerator.#": "0",
                            "node_pool.0.node_config.0.image_type": "COS",
                            "node_pool.0.node_config.0.labels.%": "1",
                            "node_pool.0.node_config.0.labels.this-is-for": "dev-cluster",
                            "node_pool.0.node_config.0.local_ssd_count": "0",
                            "node_pool.0.node_config.0.machine_type": "n1-standard-1",
                            "node_pool.0.node_config.0.metadata.%": "0",
                            "node_pool.0.node_config.0.min_cpu_platform": "",
                            "node_pool.0.node_config.0.oauth_scopes.#": "4",
                            "node_pool.0.node_config.0.oauth_scopes.1277378754": "https://www.googleapis.com/auth/monitoring",
                            "node_pool.0.node_config.0.oauth_scopes.1632638332": "https://www.googleapis.com/auth/devstorage.read_only",
                            "node_pool.0.node_config.0.oauth_scopes.172152165": "https://www.googleapis.com/auth/logging.write",
                            "node_pool.0.node_config.0.oauth_scopes.299962681": "https://www.googleapis.com/auth/compute",
                            "node_pool.0.node_config.0.preemptible": "false",
                            "node_pool.0.node_config.0.service_account": "default",
                            "node_pool.0.node_config.0.tags.#": "3",
                            "node_pool.0.node_config.0.tags.0": "jenkins",
                            "node_pool.0.node_config.0.tags.1": "ssh",
                            "node_pool.0.node_config.0.tags.2": "http-server",
                            "node_pool.0.node_config.0.taint.#": "0",
                            "node_pool.0.node_config.0.workload_metadata_config.#": "0",
                            "node_pool.0.node_count": "3",
                            "node_pool.0.version": "1.10.11-gke.1",
                            "node_version": "1.10.11-gke.1",
                            "pod_security_policy_config.#": "0",
                            "private_cluster": "false",
                            "private_cluster_config.#": "0",
                            "project": "clarapcp-ea-ilyas-husein",
                            "resource_labels.%": "0",
                            "subnetwork": "projects/clarapcp-ea-ilyas-husein/regions/europe-west1/subnetworks/claranet-test",
                            "zone": "europe-west1-b"
                        },
                        "meta": {
                            "e2bfb730-ecaa-11e6-8f88-34363bc7c4c0": {
                                "create": 1800000000000,
                                "delete": 1800000000000,
                                "update": 600000000000
                            },
                            "schema_version": "1"
                        },
                        "tainted": false
                    },
                    "deposed": [],
                    "provider": "provider.google"
                }
            },
            "depends_on": []
        }
    ]
}
